// !$*UTF8*$!
{
	archiveVersion = 1;
	classes = {
	};
	objectVersion = 56;
	objects = {

/* Begin PBXBuildFile section */
		E9D67C202BDAD04F00139F63 /* RedirectionAppApp.swift in Sources */ = {isa = PBXBuildFile; fileRef = E9D67C1F2BDAD04F00139F63 /* RedirectionAppApp.swift */; };
		E9D67C222BDAD04F00139F63 /* ContentView.swift in Sources */ = {isa = PBXBuildFile; fileRef = E9D67C212BDAD04F00139F63 /* ContentView.swift */; };
		E9D67C242BDAD05200139F63 /* Assets.xcassets in Resources */ = {isa = PBXBuildFile; fileRef = E9D67C232BDAD05200139F63 /* Assets.xcassets */; };
		E9D67C272BDAD05200139F63 /* Preview Assets.xcassets in Resources */ = {isa = PBXBuildFile; fileRef = E9D67C262BDAD05200139F63 /* Preview Assets.xcassets */; };
		E9D67C312BDAD05200139F63 /* RedirectionAppTests.swift in Sources */ = {isa = PBXBuildFile; fileRef = E9D67C302BDAD05200139F63 /* RedirectionAppTests.swift */; };
		E9D67C3B2BDAD05200139F63 /* RedirectionAppUITests.swift in Sources */ = {isa = PBXBuildFile; fileRef = E9D67C3A2BDAD05200139F63 /* RedirectionAppUITests.swift */; };
		E9D67C3D2BDAD05200139F63 /* RedirectionAppUITestsLaunchTests.swift in Sources */ = {isa = PBXBuildFile; fileRef = E9D67C3C2BDAD05200139F63 /* RedirectionAppUITestsLaunchTests.swift */; };
		E9D67C4B2BDAD13700139F63 /* Application.swift in Sources */ = {isa = PBXBuildFile; fileRef = E9D67C4A2BDAD13700139F63 /* Application.swift */; };
		E9D67C4D2BDAD16700139F63 /* ListViewApplication.swift in Sources */ = {isa = PBXBuildFile; fileRef = E9D67C4C2BDAD16700139F63 /* ListViewApplication.swift */; };
/* End PBXBuildFile section */

/* Begin PBXContainerItemProxy section */
		E9D67C2D2BDAD05200139F63 /* PBXContainerItemProxy */ = {
			isa = PBXContainerItemProxy;
			containerPortal = E9D67C142BDAD04F00139F63 /* Project object */;
			proxyType = 1;
			remoteGlobalIDString = E9D67C1B2BDAD04F00139F63;
			remoteInfo = RedirectionApp;
		};
		E9D67C372BDAD05200139F63 /* PBXContainerItemProxy */ = {
			isa = PBXContainerItemProxy;
			containerPortal = E9D67C142BDAD04F00139F63 /* Project object */;
			proxyType = 1;
			remoteGlobalIDString = E9D67C1B2BDAD04F00139F63;
			remoteInfo = RedirectionApp;
		};
/* End PBXContainerItemProxy section */

/* Begin PBXFileReference section */
		E9D67C1C2BDAD04F00139F63 /* RedirectionApp.app */ = {isa = PBXFileReference; explicitFileType = wrapper.application; includeInIndex = 0; path = RedirectionApp.app; sourceTree = BUILT_PRODUCTS_DIR; };
		E9D67C1F2BDAD04F00139F63 /* RedirectionAppApp.swift */ = {isa = PBXFileReference; lastKnownFileType = sourcecode.swift; path = RedirectionAppApp.swift; sourceTree = "<group>"; };
		E9D67C212BDAD04F00139F63 /* ContentView.swift */ = {isa = PBXFileReference; lastKnownFileType = sourcecode.swift; path = ContentView.swift; sourceTree = "<group>"; };
		E9D67C232BDAD05200139F63 /* Assets.xcassets */ = {isa = PBXFileReference; lastKnownFileType = folder.assetcatalog; path = Assets.xcassets; sourceTree = "<group>"; };
		E9D67C262BDAD05200139F63 /* Preview Assets.xcassets */ = {isa = PBXFileReference; lastKnownFileType = folder.assetcatalog; path = "Preview Assets.xcassets"; sourceTree = "<group>"; };
		E9D67C2C2BDAD05200139F63 /* RedirectionAppTests.xctest */ = {isa = PBXFileReference; explicitFileType = wrapper.cfbundle; includeInIndex = 0; path = RedirectionAppTests.xctest; sourceTree = BUILT_PRODUCTS_DIR; };
		E9D67C302BDAD05200139F63 /* RedirectionAppTests.swift */ = {isa = PBXFileReference; lastKnownFileType = sourcecode.swift; path = RedirectionAppTests.swift; sourceTree = "<group>"; };
		E9D67C362BDAD05200139F63 /* RedirectionAppUITests.xctest */ = {isa = PBXFileReference; explicitFileType = wrapper.cfbundle; includeInIndex = 0; path = RedirectionAppUITests.xctest; sourceTree = BUILT_PRODUCTS_DIR; };
		E9D67C3A2BDAD05200139F63 /* RedirectionAppUITests.swift */ = {isa = PBXFileReference; lastKnownFileType = sourcecode.swift; path = RedirectionAppUITests.swift; sourceTree = "<group>"; };
		E9D67C3C2BDAD05200139F63 /* RedirectionAppUITestsLaunchTests.swift */ = {isa = PBXFileReference; lastKnownFileType = sourcecode.swift; path = RedirectionAppUITestsLaunchTests.swift; sourceTree = "<group>"; };
		E9D67C4A2BDAD13700139F63 /* Application.swift */ = {isa = PBXFileReference; lastKnownFileType = sourcecode.swift; path = Application.swift; sourceTree = "<group>"; };
		E9D67C4C2BDAD16700139F63 /* ListViewApplication.swift */ = {isa = PBXFileReference; lastKnownFileType = sourcecode.swift; path = ListViewApplication.swift; sourceTree = "<group>"; };
/* End PBXFileReference section */

/* Begin PBXFrameworksBuildPhase section */
		E9D67C192BDAD04F00139F63 /* Frameworks */ = {
			isa = PBXFrameworksBuildPhase;
			buildActionMask = 2147483647;
			files = (
			);
			runOnlyForDeploymentPostprocessing = 0;
		};
		E9D67C292BDAD05200139F63 /* Frameworks */ = {
			isa = PBXFrameworksBuildPhase;
			buildActionMask = 2147483647;
			files = (
			);
			runOnlyForDeploymentPostprocessing = 0;
		};
		E9D67C332BDAD05200139F63 /* Frameworks */ = {
			isa = PBXFrameworksBuildPhase;
			buildActionMask = 2147483647;
			files = (
			);
			runOnlyForDeploymentPostprocessing = 0;
		};
/* End PBXFrameworksBuildPhase section */

/* Begin PBXGroup section */
		E9D67C132BDAD04F00139F63 = {
			isa = PBXGroup;
			children = (
				E9D67C1E2BDAD04F00139F63 /* RedirectionApp */,
				E9D67C2F2BDAD05200139F63 /* RedirectionAppTests */,
				E9D67C392BDAD05200139F63 /* RedirectionAppUITests */,
				E9D67C1D2BDAD04F00139F63 /* Products */,
			);
			sourceTree = "<group>";
		};
		E9D67C1D2BDAD04F00139F63 /* Products */ = {
			isa = PBXGroup;
			children = (
				E9D67C1C2BDAD04F00139F63 /* RedirectionApp.app */,
				E9D67C2C2BDAD05200139F63 /* RedirectionAppTests.xctest */,
				E9D67C362BDAD05200139F63 /* RedirectionAppUITests.xctest */,
			);
			name = Products;
			sourceTree = "<group>";
		};
		E9D67C1E2BDAD04F00139F63 /* RedirectionApp */ = {
			isa = PBXGroup;
			children = (
				E9D67C1F2BDAD04F00139F63 /* RedirectionAppApp.swift */,
				E9D67C212BDAD04F00139F63 /* ContentView.swift */,
				E9D67C232BDAD05200139F63 /* Assets.xcassets */,
				E9D67C252BDAD05200139F63 /* Preview Content */,
				E9D67C4A2BDAD13700139F63 /* Application.swift */,
				E9D67C4C2BDAD16700139F63 /* ListViewApplication.swift */,
			);
			path = RedirectionApp;
			sourceTree = "<group>";
		};
		E9D67C252BDAD05200139F63 /* Preview Content */ = {
			isa = PBXGroup;
			children = (
				E9D67C262BDAD05200139F63 /* Preview Assets.xcassets */,
			);
			path = "Preview Content";
			sourceTree = "<group>";
		};
		E9D67C2F2BDAD05200139F63 /* RedirectionAppTests */ = {
			isa = PBXGroup;
			children = (
				E9D67C302BDAD05200139F63 /* RedirectionAppTests.swift */,
			);
			path = RedirectionAppTests;
			sourceTree = "<group>";
		};
		E9D67C392BDAD05200139F63 /* RedirectionAppUITests */ = {
			isa = PBXGroup;
			children = (
				E9D67C3A2BDAD05200139F63 /* RedirectionAppUITests.swift */,
				E9D67C3C2BDAD05200139F63 /* RedirectionAppUITestsLaunchTests.swift */,
			);
			path = RedirectionAppUITests;
			sourceTree = "<group>";
		};
/* End PBXGroup section */

/* Begin PBXNativeTarget section */
		E9D67C1B2BDAD04F00139F63 /* RedirectionApp */ = {
			isa = PBXNativeTarget;
			buildConfigurationList = E9D67C402BDAD05200139F63 /* Build configuration list for PBXNativeTarget "RedirectionApp" */;
			buildPhases = (
				E9D67C182BDAD04F00139F63 /* Sources */,
				E9D67C192BDAD04F00139F63 /* Frameworks */,
				E9D67C1A2BDAD04F00139F63 /* Resources */,
			);
			buildRules = (
			);
			dependencies = (
			);
			name = RedirectionApp;
			productName = RedirectionApp;
			productReference = E9D67C1C2BDAD04F00139F63 /* RedirectionApp.app */;
			productType = "com.apple.product-type.application";
		};
		E9D67C2B2BDAD05200139F63 /* RedirectionAppTests */ = {
			isa = PBXNativeTarget;
			buildConfigurationList = E9D67C432BDAD05200139F63 /* Build configuration list for PBXNativeTarget "RedirectionAppTests" */;
			buildPhases = (
				E9D67C282BDAD05200139F63 /* Sources */,
				E9D67C292BDAD05200139F63 /* Frameworks */,
				E9D67C2A2BDAD05200139F63 /* Resources */,
			);
			buildRules = (
			);
			dependencies = (
				E9D67C2E2BDAD05200139F63 /* PBXTargetDependency */,
			);
			name = RedirectionAppTests;
			productName = RedirectionAppTests;
			productReference = E9D67C2C2BDAD05200139F63 /* RedirectionAppTests.xctest */;
			productType = "com.apple.product-type.bundle.unit-test";
		};
		E9D67C352BDAD05200139F63 /* RedirectionAppUITests */ = {
			isa = PBXNativeTarget;
			buildConfigurationList = E9D67C462BDAD05200139F63 /* Build configuration list for PBXNativeTarget "RedirectionAppUITests" */;
			buildPhases = (
				E9D67C322BDAD05200139F63 /* Sources */,
				E9D67C332BDAD05200139F63 /* Frameworks */,
				E9D67C342BDAD05200139F63 /* Resources */,
			);
			buildRules = (
			);
			dependencies = (
				E9D67C382BDAD05200139F63 /* PBXTargetDependency */,
			);
			name = RedirectionAppUITests;
			productName = RedirectionAppUITests;
			productReference = E9D67C362BDAD05200139F63 /* RedirectionAppUITests.xctest */;
			productType = "com.apple.product-type.bundle.ui-testing";
		};
/* End PBXNativeTarget section */

/* Begin PBXProject section */
		E9D67C142BDAD04F00139F63 /* Project object */ = {
			isa = PBXProject;
			attributes = {
				BuildIndependentTargetsInParallel = 1;
				LastSwiftUpdateCheck = 1530;
				LastUpgradeCheck = 1530;
				TargetAttributes = {
					E9D67C1B2BDAD04F00139F63 = {
						CreatedOnToolsVersion = 15.3;
					};
					E9D67C2B2BDAD05200139F63 = {
						CreatedOnToolsVersion = 15.3;
						TestTargetID = E9D67C1B2BDAD04F00139F63;
					};
					E9D67C352BDAD05200139F63 = {
						CreatedOnToolsVersion = 15.3;
						TestTargetID = E9D67C1B2BDAD04F00139F63;
					};
				};
			};
			buildConfigurationList = E9D67C172BDAD04F00139F63 /* Build configuration list for PBXProject "RedirectionApp" */;
			compatibilityVersion = "Xcode 14.0";
			developmentRegion = en;
			hasScannedForEncodings = 0;
			knownRegions = (
				en,
				Base,
			);
			mainGroup = E9D67C132BDAD04F00139F63;
			productRefGroup = E9D67C1D2BDAD04F00139F63 /* Products */;
			projectDirPath = "";
			projectRoot = "";
			targets = (
				E9D67C1B2BDAD04F00139F63 /* RedirectionApp */,
				E9D67C2B2BDAD05200139F63 /* RedirectionAppTests */,
				E9D67C352BDAD05200139F63 /* RedirectionAppUITests */,
			);
		};
/* End PBXProject section */

/* Begin PBXResourcesBuildPhase section */
		E9D67C1A2BDAD04F00139F63 /* Resources */ = {
			isa = PBXResourcesBuildPhase;
			buildActionMask = 2147483647;
			files = (
				E9D67C272BDAD05200139F63 /* Preview Assets.xcassets in Resources */,
				E9D67C242BDAD05200139F63 /* Assets.xcassets in Resources */,
			);
			runOnlyForDeploymentPostprocessing = 0;
		};
		E9D67C2A2BDAD05200139F63 /* Resources */ = {
			isa = PBXResourcesBuildPhase;
			buildActionMask = 2147483647;
			files = (
			);
			runOnlyForDeploymentPostprocessing = 0;
		};
		E9D67C342BDAD05200139F63 /* Resources */ = {
			isa = PBXResourcesBuildPhase;
			buildActionMask = 2147483647;
			files = (
			);
			runOnlyForDeploymentPostprocessing = 0;
		};
/* End PBXResourcesBuildPhase section */

/* Begin PBXSourcesBuildPhase section */
		E9D67C182BDAD04F00139F63 /* Sources */ = {
			isa = PBXSourcesBuildPhase;
			buildActionMask = 2147483647;
			files = (
				E9D67C4B2BDAD13700139F63 /* Application.swift in Sources */,
				E9D67C222BDAD04F00139F63 /* ContentView.swift in Sources */,
				E9D67C202BDAD04F00139F63 /* RedirectionAppApp.swift in Sources */,
				E9D67C4D2BDAD16700139F63 /* ListViewApplication.swift in Sources */,
			);
			runOnlyForDeploymentPostprocessing = 0;
		};
		E9D67C282BDAD05200139F63 /* Sources */ = {
			isa = PBXSourcesBuildPhase;
			buildActionMask = 2147483647;
			files = (
				E9D67C312BDAD05200139F63 /* RedirectionAppTests.swift in Sources */,
			);
			runOnlyForDeploymentPostprocessing = 0;
		};
		E9D67C322BDAD05200139F63 /* Sources */ = {
			isa = PBXSourcesBuildPhase;
			buildActionMask = 2147483647;
			files = (
				E9D67C3B2BDAD05200139F63 /* RedirectionAppUITests.swift in Sources */,
				E9D67C3D2BDAD05200139F63 /* RedirectionAppUITestsLaunchTests.swift in Sources */,
			);
			runOnlyForDeploymentPostprocessing = 0;
		};
/* End PBXSourcesBuildPhase section */

/* Begin PBXTargetDependency section */
		E9D67C2E2BDAD05200139F63 /* PBXTargetDependency */ = {
			isa = PBXTargetDependency;
			target = E9D67C1B2BDAD04F00139F63 /* RedirectionApp */;
			targetProxy = E9D67C2D2BDAD05200139F63 /* PBXContainerItemProxy */;
		};
		E9D67C382BDAD05200139F63 /* PBXTargetDependency */ = {
			isa = PBXTargetDependency;
			target = E9D67C1B2BDAD04F00139F63 /* RedirectionApp */;
			targetProxy = E9D67C372BDAD05200139F63 /* PBXContainerItemProxy */;
		};
/* End PBXTargetDependency section */

/* Begin XCBuildConfiguration section */
		E9D67C3E2BDAD05200139F63 /* Debug */ = {
			isa = XCBuildConfiguration;
			buildSettings = {
				ALWAYS_SEARCH_USER_PATHS = NO;
				ASSETCATALOG_COMPILER_GENERATE_SWIFT_ASSET_SYMBOL_EXTENSIONS = YES;
				CLANG_ANALYZER_NONNULL = YES;
				CLANG_ANALYZER_NUMBER_OBJECT_CONVERSION = YES_AGGRESSIVE;
				CLANG_CXX_LANGUAGE_STANDARD = "gnu++20";
				CLANG_ENABLE_MODULES = YES;
				CLANG_ENABLE_OBJC_ARC = YES;
				CLANG_ENABLE_OBJC_WEAK = YES;
				CLANG_WARN_BLOCK_CAPTURE_AUTORELEASING = YES;
				CLANG_WARN_BOOL_CONVERSION = YES;
				CLANG_WARN_COMMA = YES;
				CLANG_WARN_CONSTANT_CONVERSION = YES;
				CLANG_WARN_DEPRECATED_OBJC_IMPLEMENTATIONS = YES;
				CLANG_WARN_DIRECT_OBJC_ISA_USAGE = YES_ERROR;
				CLANG_WARN_DOCUMENTATION_COMMENTS = YES;
				CLANG_WARN_EMPTY_BODY = YES;
				CLANG_WARN_ENUM_CONVERSION = YES;
				CLANG_WARN_INFINITE_RECURSION = YES;
				CLANG_WARN_INT_CONVERSION = YES;
				CLANG_WARN_NON_LITERAL_NULL_CONVERSION = YES;
				CLANG_WARN_OBJC_IMPLICIT_RETAIN_SELF = YES;
				CLANG_WARN_OBJC_LITERAL_CONVERSION = YES;
				CLANG_WARN_OBJC_ROOT_CLASS = YES_ERROR;
				CLANG_WARN_QUOTED_INCLUDE_IN_FRAMEWORK_HEADER = YES;
				CLANG_WARN_RANGE_LOOP_ANALYSIS = YES;
				CLANG_WARN_STRICT_PROTOTYPES = YES;
				CLANG_WARN_SUSPICIOUS_MOVE = YES;
				CLANG_WARN_UNGUARDED_AVAILABILITY = YES_AGGRESSIVE;
				CLANG_WARN_UNREACHABLE_CODE = YES;
				CLANG_WARN__DUPLICATE_METHOD_MATCH = YES;
				COPY_PHASE_STRIP = NO;
				DEBUG_INFORMATION_FORMAT = dwarf;
				ENABLE_STRICT_OBJC_MSGSEND = YES;
				ENABLE_TESTABILITY = YES;
				ENABLE_USER_SCRIPT_SANDBOXING = YES;
				GCC_C_LANGUAGE_STANDARD = gnu17;
				GCC_DYNAMIC_NO_PIC = NO;
				GCC_NO_COMMON_BLOCKS = YES;
				GCC_OPTIMIZATION_LEVEL = 0;
				GCC_PREPROCESSOR_DEFINITIONS = (
					"DEBUG=1",
					"$(inherited)",
				);
				GCC_WARN_64_TO_32_BIT_CONVERSION = YES;
				GCC_WARN_ABOUT_RETURN_TYPE = YES_ERROR;
				GCC_WARN_UNDECLARED_SELECTOR = YES;
				GCC_WARN_UNINITIALIZED_AUTOS = YES_AGGRESSIVE;
				GCC_WARN_UNUSED_FUNCTION = YES;
				GCC_WARN_UNUSED_VARIABLE = YES;
				IPHONEOS_DEPLOYMENT_TARGET = 17.4;
				LOCALIZATION_PREFERS_STRING_CATALOGS = YES;
				MTL_ENABLE_DEBUG_INFO = INCLUDE_SOURCE;
				MTL_FAST_MATH = YES;
				ONLY_ACTIVE_ARCH = YES;
				SDKROOT = iphoneos;
				SWIFT_ACTIVE_COMPILATION_CONDITIONS = "DEBUG $(inherited)";
				SWIFT_OPTIMIZATION_LEVEL = "-Onone";
			};
			name = Debug;
		};
		E9D67C3F2BDAD05200139F63 /* Release */ = {
			isa = XCBuildConfiguration;
			buildSettings = {
				ALWAYS_SEARCH_USER_PATHS = NO;
				ASSETCATALOG_COMPILER_GENERATE_SWIFT_ASSET_SYMBOL_EXTENSIONS = YES;
				CLANG_ANALYZER_NONNULL = YES;
				CLANG_ANALYZER_NUMBER_OBJECT_CONVERSION = YES_AGGRESSIVE;
				CLANG_CXX_LANGUAGE_STANDARD = "gnu++20";
				CLANG_ENABLE_MODULES = YES;
				CLANG_ENABLE_OBJC_ARC = YES;
				CLANG_ENABLE_OBJC_WEAK = YES;
				CLANG_WARN_BLOCK_CAPTURE_AUTORELEASING = YES;
				CLANG_WARN_BOOL_CONVERSION = YES;
				CLANG_WARN_COMMA = YES;
				CLANG_WARN_CONSTANT_CONVERSION = YES;
				CLANG_WARN_DEPRECATED_OBJC_IMPLEMENTATIONS = YES;
				CLANG_WARN_DIRECT_OBJC_ISA_USAGE = YES_ERROR;
				CLANG_WARN_DOCUMENTATION_COMMENTS = YES;
				CLANG_WARN_EMPTY_BODY = YES;
				CLANG_WARN_ENUM_CONVERSION = YES;
				CLANG_WARN_INFINITE_RECURSION = YES;
				CLANG_WARN_INT_CONVERSION = YES;
				CLANG_WARN_NON_LITERAL_NULL_CONVERSION = YES;
				CLANG_WARN_OBJC_IMPLICIT_RETAIN_SELF = YES;
				CLANG_WARN_OBJC_LITERAL_CONVERSION = YES;
				CLANG_WARN_OBJC_ROOT_CLASS = YES_ERROR;
				CLANG_WARN_QUOTED_INCLUDE_IN_FRAMEWORK_HEADER = YES;
				CLANG_WARN_RANGE_LOOP_ANALYSIS = YES;
				CLANG_WARN_STRICT_PROTOTYPES = YES;
				CLANG_WARN_SUSPICIOUS_MOVE = YES;
				CLANG_WARN_UNGUARDED_AVAILABILITY = YES_AGGRESSIVE;
				CLANG_WARN_UNREACHABLE_CODE = YES;
				CLANG_WARN__DUPLICATE_METHOD_MATCH = YES;
				COPY_PHASE_STRIP = NO;
				DEBUG_INFORMATION_FORMAT = "dwarf-with-dsym";
				ENABLE_NS_ASSERTIONS = NO;
				ENABLE_STRICT_OBJC_MSGSEND = YES;
				ENABLE_USER_SCRIPT_SANDBOXING = YES;
				GCC_C_LANGUAGE_STANDARD = gnu17;
				GCC_NO_COMMON_BLOCKS = YES;
				GCC_WARN_64_TO_32_BIT_CONVERSION = YES;
				GCC_WARN_ABOUT_RETURN_TYPE = YES_ERROR;
				GCC_WARN_UNDECLARED_SELECTOR = YES;
				GCC_WARN_UNINITIALIZED_AUTOS = YES_AGGRESSIVE;
				GCC_WARN_UNUSED_FUNCTION = YES;
				GCC_WARN_UNUSED_VARIABLE = YES;
				IPHONEOS_DEPLOYMENT_TARGET = 17.4;
				LOCALIZATION_PREFERS_STRING_CATALOGS = YES;
				MTL_ENABLE_DEBUG_INFO = NO;
				MTL_FAST_MATH = YES;
				SDKROOT = iphoneos;
				SWIFT_COMPILATION_MODE = wholemodule;
				VALIDATE_PRODUCT = YES;
			};
			name = Release;
		};
		E9D67C412BDAD05200139F63 /* Debug */ = {
			isa = XCBuildConfiguration;
			buildSettings = {
				ASSETCATALOG_COMPILER_APPICON_NAME = AppIcon;
				ASSETCATALOG_COMPILER_GLOBAL_ACCENT_COLOR_NAME = AccentColor;
				CODE_SIGN_STYLE = Automatic;
				CURRENT_PROJECT_VERSION = 1;
				DEVELOPMENT_ASSET_PATHS = "\"RedirectionApp/Preview Content\"";
				DEVELOPMENT_TEAM = 4Y7NB8AM8C;
				ENABLE_PREVIEWS = YES;
				GENERATE_INFOPLIST_FILE = YES;
				INFOPLIST_KEY_UIApplicationSceneManifest_Generation = YES;
				INFOPLIST_KEY_UIApplicationSupportsIndirectInputEvents = YES;
				INFOPLIST_KEY_UILaunchScreen_Generation = YES;
				INFOPLIST_KEY_UISupportedInterfaceOrientations_iPad = "UIInterfaceOrientationPortrait UIInterfaceOrientationPortraitUpsideDown UIInterfaceOrientationLandscapeLeft UIInterfaceOrientationLandscapeRight";
				INFOPLIST_KEY_UISupportedInterfaceOrientations_iPhone = "UIInterfaceOrientationPortrait UIInterfaceOrientationLandscapeLeft UIInterfaceOrientationLandscapeRight";
				LD_RUNPATH_SEARCH_PATHS = (
					"$(inherited)",
					"@executable_path/Frameworks",
				);
				MARKETING_VERSION = 1.0;
				PRODUCT_BUNDLE_IDENTIFIER = fr.santhakumaran.RedirectionApp;
				PRODUCT_NAME = "$(TARGET_NAME)";
				SWIFT_EMIT_LOC_STRINGS = YES;
				SWIFT_VERSION = 5.0;
				TARGETED_DEVICE_FAMILY = "1,2";
			};
			name = Debug;
		};
		E9D67C422BDAD05200139F63 /* Release */ = {
			isa = XCBuildConfiguration;
			buildSettings = {
				ASSETCATALOG_COMPILER_APPICON_NAME = AppIcon;
				ASSETCATALOG_COMPILER_GLOBAL_ACCENT_COLOR_NAME = AccentColor;
				CODE_SIGN_STYLE = Automatic;
				CURRENT_PROJECT_VERSION = 1;
				DEVELOPMENT_ASSET_PATHS = "\"RedirectionApp/Preview Content\"";
				DEVELOPMENT_TEAM = 4Y7NB8AM8C;
				ENABLE_PREVIEWS = YES;
				GENERATE_INFOPLIST_FILE = YES;
				INFOPLIST_KEY_UIApplicationSceneManifest_Generation = YES;
				INFOPLIST_KEY_UIApplicationSupportsIndirectInputEvents = YES;
				INFOPLIST_KEY_UILaunchScreen_Generation = YES;
				INFOPLIST_KEY_UISupportedInterfaceOrientations_iPad = "UIInterfaceOrientationPortrait UIInterfaceOrientationPortraitUpsideDown UIInterfaceOrientationLandscapeLeft UIInterfaceOrientationLandscapeRight";
				INFOPLIST_KEY_UISupportedInterfaceOrientations_iPhone = "UIInterfaceOrientationPortrait UIInterfaceOrientationLandscapeLeft UIInterfaceOrientationLandscapeRight";
				LD_RUNPATH_SEARCH_PATHS = (
					"$(inherited)",
					"@executable_path/Frameworks",
				);
				MARKETING_VERSION = 1.0;
				PRODUCT_BUNDLE_IDENTIFIER = fr.santhakumaran.RedirectionApp;
				PRODUCT_NAME = "$(TARGET_NAME)";
				SWIFT_EMIT_LOC_STRINGS = YES;
				SWIFT_VERSION = 5.0;
				TARGETED_DEVICE_FAMILY = "1,2";
			};
			name = Release;
		};
		E9D67C442BDAD05200139F63 /* Debug */ = {
			isa = XCBuildConfiguration;
			buildSettings = {
				ALWAYS_EMBED_SWIFT_STANDARD_LIBRARIES = YES;
				BUNDLE_LOADER = "$(TEST_HOST)";
				CODE_SIGN_STYLE = Automatic;
				CURRENT_PROJECT_VERSION = 1;
				DEVELOPMENT_TEAM = 4Y7NB8AM8C;
				GENERATE_INFOPLIST_FILE = YES;
				IPHONEOS_DEPLOYMENT_TARGET = 17.4;
				MARKETING_VERSION = 1.0;
				PRODUCT_BUNDLE_IDENTIFIER = fr.santhakumaran.RedirectionAppTests;
				PRODUCT_NAME = "$(TARGET_NAME)";
				SWIFT_EMIT_LOC_STRINGS = NO;
				SWIFT_VERSION = 5.0;
				TARGETED_DEVICE_FAMILY = "1,2";
				TEST_HOST = "$(BUILT_PRODUCTS_DIR)/RedirectionApp.app/$(BUNDLE_EXECUTABLE_FOLDER_PATH)/RedirectionApp";
			};
			name = Debug;
		};
		E9D67C452BDAD05200139F63 /* Release */ = {
			isa = XCBuildConfiguration;
			buildSettings = {
				ALWAYS_EMBED_SWIFT_STANDARD_LIBRARIES = YES;
				BUNDLE_LOADER = "$(TEST_HOST)";
				CODE_SIGN_STYLE = Automatic;
				CURRENT_PROJECT_VERSION = 1;
				DEVELOPMENT_TEAM = 4Y7NB8AM8C;
				GENERATE_INFOPLIST_FILE = YES;
				IPHONEOS_DEPLOYMENT_TARGET = 17.4;
				MARKETING_VERSION = 1.0;
				PRODUCT_BUNDLE_IDENTIFIER = fr.santhakumaran.RedirectionAppTests;
				PRODUCT_NAME = "$(TARGET_NAME)";
				SWIFT_EMIT_LOC_STRINGS = NO;
				SWIFT_VERSION = 5.0;
				TARGETED_DEVICE_FAMILY = "1,2";
				TEST_HOST = "$(BUILT_PRODUCTS_DIR)/RedirectionApp.app/$(BUNDLE_EXECUTABLE_FOLDER_PATH)/RedirectionApp";
			};
			name = Release;
		};
		E9D67C472BDAD05200139F63 /* Debug */ = {
			isa = XCBuildConfiguration;
			buildSettings = {
				ALWAYS_EMBED_SWIFT_STANDARD_LIBRARIES = YES;
				CODE_SIGN_STYLE = Automatic;
				CURRENT_PROJECT_VERSION = 1;
				DEVELOPMENT_TEAM = 4Y7NB8AM8C;
				GENERATE_INFOPLIST_FILE = YES;
				MARKETING_VERSION = 1.0;
				PRODUCT_BUNDLE_IDENTIFIER = fr.santhakumaran.RedirectionAppUITests;
				PRODUCT_NAME = "$(TARGET_NAME)";
				SWIFT_EMIT_LOC_STRINGS = NO;
				SWIFT_VERSION = 5.0;
				TARGETED_DEVICE_FAMILY = "1,2";
				TEST_TARGET_NAME = RedirectionApp;
			};
			name = Debug;
		};
		E9D67C482BDAD05200139F63 /* Release */ = {
			isa = XCBuildConfiguration;
			buildSettings = {
				ALWAYS_EMBED_SWIFT_STANDARD_LIBRARIES = YES;
				CODE_SIGN_STYLE = Automatic;
				CURRENT_PROJECT_VERSION = 1;
				DEVELOPMENT_TEAM = 4Y7NB8AM8C;
				GENERATE_INFOPLIST_FILE = YES;
				MARKETING_VERSION = 1.0;
				PRODUCT_BUNDLE_IDENTIFIER = fr.santhakumaran.RedirectionAppUITests;
				PRODUCT_NAME = "$(TARGET_NAME)";
				SWIFT_EMIT_LOC_STRINGS = NO;
				SWIFT_VERSION = 5.0;
				TARGETED_DEVICE_FAMILY = "1,2";
				TEST_TARGET_NAME = RedirectionApp;
			};
			name = Release;
		};
/* End XCBuildConfiguration section */

/* Begin XCConfigurationList section */
		E9D67C172BDAD04F00139F63 /* Build configuration list for PBXProject "RedirectionApp" */ = {
			isa = XCConfigurationList;
			buildConfigurations = (
				E9D67C3E2BDAD05200139F63 /* Debug */,
				E9D67C3F2BDAD05200139F63 /* Release */,
			);
			defaultConfigurationIsVisible = 0;
			defaultConfigurationName = Release;
		};
		E9D67C402BDAD05200139F63 /* Build configuration list for PBXNativeTarget "RedirectionApp" */ = {
			isa = XCConfigurationList;
			buildConfigurations = (
				E9D67C412BDAD05200139F63 /* Debug */,
				E9D67C422BDAD05200139F63 /* Release */,
			);
			defaultConfigurationIsVisible = 0;
			defaultConfigurationName = Release;
		};
		E9D67C432BDAD05200139F63 /* Build configuration list for PBXNativeTarget "RedirectionAppTests" */ = {
			isa = XCConfigurationList;
			buildConfigurations = (
				E9D67C442BDAD05200139F63 /* Debug */,
				E9D67C452BDAD05200139F63 /* Release */,
			);
			defaultConfigurationIsVisible = 0;
			defaultConfigurationName = Release;
		};
		E9D67C462BDAD05200139F63 /* Build configuration list for PBXNativeTarget "RedirectionAppUITests" */ = {
			isa = XCConfigurationList;
			buildConfigurations = (
				E9D67C472BDAD05200139F63 /* Debug */,
				E9D67C482BDAD05200139F63 /* Release */,
			);
			defaultConfigurationIsVisible = 0;
			defaultConfigurationName = Release;
		};
/* End XCConfigurationList section */
	};
	rootObject = E9D67C142BDAD04F00139F63 /* Project object */;
}
